
Microsoft Visual Studio Solution File, Format Version 12.00
# Visual Studio Version 16
VisualStudioVersion = 16.0.31205.134
MinimumVisualStudioVersion = 10.0.40219.1
Project("{9A19103F-16F7-4668-BE54-9A1E7A4F7556}") = "UMapx.Video.RealSense", "UMapx.Video.RealSense.csproj", "{20CFA2A3-9FA7-4221-8875-CF1BDA2C434E}"
EndProject
Global
	GlobalSection(SolutionConfigurationPlatforms) = preSolution
		Debug|Any CPU = Debug|Any CPU
		Release|Any CPU = Release|Any CPU
	EndGlobalSection
	GlobalSection(ProjectConfigurationPlatforms) = postSolution
		{20CFA2A3-9FA7-4221-8875-CF1BDA2C434E}.Debug|Any CPU.ActiveCfg = Debug|Any CPU
		{20CFA2A3-9FA7-4221-8875-CF1BDA2C434E}.Debug|Any CPU.Build.0 = Debug|Any CPU
		{20CFA2A3-9FA7-4221-8875-CF1BDA2C434E}.Release|Any CPU.ActiveCfg = Release|Any CPU
		{20CFA2A3-9FA7-4221-8875-CF1BDA2C434E}.Release|Any CPU.Build.0 = Release|Any CPU
	EndGlobalSection
	GlobalSection(SolutionProperties) = preSolution
		HideSolutionNode = FALSE
	EndGlobalSection
	GlobalSection(ExtensibilityGlobals) = postSolution
		SolutionGuid = {959AF91F-4BCC-4AC8-AC41-862B34E93763}
	EndGlobalSection
EndGlobal
