
Microsoft Visual Studio Solution File, Format Version 12.00
# Visual Studio Version 16
VisualStudioVersion = 16.0.31205.134
MinimumVisualStudioVersion = 10.0.40219.1
Project("{9A19103F-16F7-4668-BE54-9A1E7A4F7556}") = "RealSense.FaceID", "RealSense.FaceID.csproj", "{610E4895-729B-424D-918D-675B9CD290BC}"
EndProject
Project("{9A19103F-16F7-4668-BE54-9A1E7A4F7556}") = "UMapx.Video.RealSense", "..\UMapx.Video.RealSense\UMapx.Video.RealSense.csproj", "{DE8E2542-FC79-4AD6-9C23-22923A835899}"
EndProject
Global
	GlobalSection(SolutionConfigurationPlatforms) = preSolution
		Debug|Any CPU = Debug|Any CPU
		Release|Any CPU = Release|Any CPU
	EndGlobalSection
	GlobalSection(ProjectConfigurationPlatforms) = postSolution
		{610E4895-729B-424D-918D-675B9CD290BC}.Debug|Any CPU.ActiveCfg = Debug|Any CPU
		{610E4895-729B-424D-918D-675B9CD290BC}.Debug|Any CPU.Build.0 = Debug|Any CPU
		{610E4895-729B-424D-918D-675B9CD290BC}.Release|Any CPU.ActiveCfg = Release|Any CPU
		{610E4895-729B-424D-918D-675B9CD290BC}.Release|Any CPU.Build.0 = Release|Any CPU
		{DE8E2542-FC79-4AD6-9C23-22923A835899}.Debug|Any CPU.ActiveCfg = Debug|Any CPU
		{DE8E2542-FC79-4AD6-9C23-22923A835899}.Debug|Any CPU.Build.0 = Debug|Any CPU
		{DE8E2542-FC79-4AD6-9C23-22923A835899}.Release|Any CPU.ActiveCfg = Release|Any CPU
		{DE8E2542-FC79-4AD6-9C23-22923A835899}.Release|Any CPU.Build.0 = Release|Any CPU
	EndGlobalSection
	GlobalSection(SolutionProperties) = preSolution
		HideSolutionNode = FALSE
	EndGlobalSection
	GlobalSection(ExtensibilityGlobals) = postSolution
		SolutionGuid = {8C58B4E7-8FF2-465B-B033-71B494BB409F}
	EndGlobalSection
EndGlobal
